
Microsoft Visual Studio Solution File, Format Version 12.00
# Visual Studio Version 16
VisualStudioVersion = 16.0.31025.194
MinimumVisualStudioVersion = 10.0.40219.1
Project("{FAE04EC0-301F-11D3-BF4B-00C04F79EFBC}") = "SrvDailyOT", "SrvDailyOT.csproj", "{079FD575-81C9-487F-AF56-B0AB5315242C}"
EndProject
Global
	GlobalSection(SolutionConfigurationPlatforms) = preSolution
		Debug|Any CPU = Debug|Any CPU
		Release|Any CPU = Release|Any CPU
	EndGlobalSection
	GlobalSection(ProjectConfigurationPlatforms) = postSolution
		{079FD575-81C9-487F-AF56-B0AB5315242C}.Debug|Any CPU.ActiveCfg = Debug|Any CPU
		{079FD575-81C9-487F-AF56-B0AB5315242C}.Debug|Any CPU.Build.0 = Debug|Any CPU
		{079FD575-81C9-487F-AF56-B0AB5315242C}.Release|Any CPU.ActiveCfg = Release|Any CPU
		{079FD575-81C9-487F-AF56-B0AB5315242C}.Release|Any CPU.Build.0 = Release|Any CPU
	EndGlobalSection
	GlobalSection(SolutionProperties) = preSolution
		HideSolutionNode = FALSE
	EndGlobalSection
	GlobalSection(ExtensibilityGlobals) = postSolution
		SolutionGuid = {816D5FB3-3FF1-4CB0-9869-742931BFD919}
	EndGlobalSection
EndGlobal
